
Microsoft Visual Studio Solution File, Format Version 12.00
# Visual Studio Version 17
VisualStudioVersion = 17.4.33213.308
MinimumVisualStudioVersion = 10.0.40219.1
Project("{FAE04EC0-301F-11D3-BF4B-00C04F79EFBC}") = "Tapsırıq 3", "Tapsırıq 3\Tapsırıq 3.csproj", "{BE11A267-06FD-485E-BEB6-DE29A713E95D}"
EndProject
Global
	GlobalSection(SolutionConfigurationPlatforms) = preSolution
		Debug|Any CPU = Debug|Any CPU
		Release|Any CPU = Release|Any CPU
	EndGlobalSection
	GlobalSection(ProjectConfigurationPlatforms) = postSolution
		{BE11A267-06FD-485E-BEB6-DE29A713E95D}.Debug|Any CPU.ActiveCfg = Debug|Any CPU
		{BE11A267-06FD-485E-BEB6-DE29A713E95D}.Debug|Any CPU.Build.0 = Debug|Any CPU
		{BE11A267-06FD-485E-BEB6-DE29A713E95D}.Release|Any CPU.ActiveCfg = Release|Any CPU
		{BE11A267-06FD-485E-BEB6-DE29A713E95D}.Release|Any CPU.Build.0 = Release|Any CPU
	EndGlobalSection
	GlobalSection(SolutionProperties) = preSolution
		HideSolutionNode = FALSE
	EndGlobalSection
	GlobalSection(ExtensibilityGlobals) = postSolution
		SolutionGuid = {888E07A7-FF94-4E18-8968-088547FA8D57}
	EndGlobalSection
EndGlobal
